
Microsoft Visual Studio Solution File, Format Version 12.00
# Visual Studio Version 17
VisualStudioVersion = 17.9.34723.18
MinimumVisualStudioVersion = 10.0.40219.1
Project("{FAE04EC0-301F-11D3-BF4B-00C04F79EFBC}") = "pryRomero_AppRegistroVenta", "pryRomero_AppRegistroVenta\pryRomero_AppRegistroVenta.csproj", "{780EE5D6-3AAF-409F-9DC0-8F83355DD4F1}"
EndProject
Global
	GlobalSection(SolutionConfigurationPlatforms) = preSolution
		Debug|Any CPU = Debug|Any CPU
		Release|Any CPU = Release|Any CPU
	EndGlobalSection
	GlobalSection(ProjectConfigurationPlatforms) = postSolution
		{780EE5D6-3AAF-409F-9DC0-8F83355DD4F1}.Debug|Any CPU.ActiveCfg = Debug|Any CPU
		{780EE5D6-3AAF-409F-9DC0-8F83355DD4F1}.Debug|Any CPU.Build.0 = Debug|Any CPU
		{780EE5D6-3AAF-409F-9DC0-8F83355DD4F1}.Release|Any CPU.ActiveCfg = Release|Any CPU
		{780EE5D6-3AAF-409F-9DC0-8F83355DD4F1}.Release|Any CPU.Build.0 = Release|Any CPU
	EndGlobalSection
	GlobalSection(SolutionProperties) = preSolution
		HideSolutionNode = FALSE
	EndGlobalSection
	GlobalSection(ExtensibilityGlobals) = postSolution
		SolutionGuid = {630BC653-259F-4A79-B72B-D22064F63F29}
	EndGlobalSection
EndGlobal
